github.com/emirpasic/gods v1.12.0 h1:QAUIPSaCu4G+POclxeqb3F+WPpdKqFGlw36+yOzGlrg=
github.com/emirpasic/gods v1.12.0/go.mod h1:YfzfFFoVP/catgzJb4IKIqXjX78Ha8FMSDh3ymbK86o=
github.com/mitinarseny/HSEProgTechLab1 v0.0.0-20200304144247-d7a1a9f6003b h1:uPr1qUNI1Ezf6JoK8ofuEE6gSaHks0erkOuoqMtrf4I=
github.com/mitinarseny/HSEProgTechLab1 v0.0.0-20200304144247-d7a1a9f6003b/go.mod h1:W1MYdHhXNehVbL7hd4q7um7n0k0FCOp7ryYtSCndX9o=
